
Microsoft Visual Studio Solution File, Format Version 12.00
# Visual Studio 14
VisualStudioVersion = 14.0.25123.0
MinimumVisualStudioVersion = 10.0.40219.1
Project("{FAE04EC0-301F-11D3-BF4B-00C04F79EFBC}") = "Consumer", "Consumer\Consumer.csproj", "{794CA4A0-9C95-481A-88BE-7636421FA481}"
EndProject
Project("{FAE04EC0-301F-11D3-BF4B-00C04F79EFBC}") = "WebAPI", "WebAPI\WebAPI.csproj", "{5311D392-1995-42CC-8A07-6A353BD85AD4}"
EndProject
Global
	GlobalSection(SolutionConfigurationPlatforms) = preSolution
		Debug|Any CPU = Debug|Any CPU
		Release|Any CPU = Release|Any CPU
	EndGlobalSection
	GlobalSection(ProjectConfigurationPlatforms) = postSolution
		{794CA4A0-9C95-481A-88BE-7636421FA481}.Debug|Any CPU.ActiveCfg = Debug|Any CPU
		{794CA4A0-9C95-481A-88BE-7636421FA481}.Debug|Any CPU.Build.0 = Debug|Any CPU
		{794CA4A0-9C95-481A-88BE-7636421FA481}.Release|Any CPU.ActiveCfg = Release|Any CPU
		{794CA4A0-9C95-481A-88BE-7636421FA481}.Release|Any CPU.Build.0 = Release|Any CPU
		{5311D392-1995-42CC-8A07-6A353BD85AD4}.Debug|Any CPU.ActiveCfg = Debug|Any CPU
		{5311D392-1995-42CC-8A07-6A353BD85AD4}.Debug|Any CPU.Build.0 = Debug|Any CPU
		{5311D392-1995-42CC-8A07-6A353BD85AD4}.Release|Any CPU.ActiveCfg = Release|Any CPU
		{5311D392-1995-42CC-8A07-6A353BD85AD4}.Release|Any CPU.Build.0 = Release|Any CPU
	EndGlobalSection
	GlobalSection(SolutionProperties) = preSolution
		HideSolutionNode = FALSE
	EndGlobalSection
EndGlobal
